---
ID: "5dcba912-d9eb-4560-b245-bc35fbe7a551"
Parent: "1ae47daa-2720-4b6a-9d2b-ca79528da3f6"
Template: "f1828a2c-7e5d-4bbd-98ca-320474871548"
Path: /sitecore/media library/Project/LionTrust/Icons/clock
DB: master
SharedFields:
- ID: "06d5295c-ed2f-4a54-9bf2-26228d113318"
  Hint: __Icon
  Value: "-/media/5dcba912d9eb4560b245bc35fbe7a551.ashx?h=16&thn=1&w=16"
- ID: "40e50ed9-ba07-4702-992e-a912738d32dc"
  Hint: Blob
  BlobID: "4361576a-9bc0-4335-8f81-18eb2f4064fb"
  Value: PHN2ZyB4bWxucz0iaHR0cDovL3d3dy53My5vcmcvMjAwMC9zdmciIHdpZHRoPSIyMSIgaGVpZ2h0PSIyMSIgdmlld0JveD0iMCAwIDIxIDIxIj48ZGVmcz48c3R5bGU+LmF7ZmlsbDojZmZmO308L3N0eWxlPjwvZGVmcz48ZyB0cmFuc2Zvcm09InRyYW5zbGF0ZSgtMC41IC0wLjUpIj48cGF0aCBjbGFzcz0iYSIgZD0iTTExLDIxLjVBMTAuNSwxMC41LDAsMSwxLDIxLjUsMTEsMTAuNSwxMC41LDAsMCwxLDExLDIxLjVaTTExLDJhOSw5LDAsMSwwLDksOUE5LDksMCwwLDAsMTEsMlptMy40NCwxMy41LTQuMTktNC4xOTNWNC4yNWgxLjV2Ni40MzZMMTUuNSwxNC40NCwxNC40NCwxNS41WiIvPjwvZz48L3N2Zz4=
- ID: "6954b7c7-2487-423f-8600-436cb3b6dc0e"
  Hint: Size
  Value: 344
- ID: "6f47a0a5-9c94-4b48-abeb-42d38def6054"
  Hint: Mime Type
  Value: image/svg+xml
- ID: "c06867fe-9a43-4c7d-b739-48780492d06f"
  Hint: Extension
  Value: svg
Languages:
- Language: en
  Versions:
  - Version: 1
    Fields:
    - ID: "25bed78c-4957-4165-998a-ca1b52f67497"
      Hint: __Created
      Value: 20210622T085950Z
